
Microsoft Visual Studio Solution File, Format Version 12.00
# Visual Studio Version 16
VisualStudioVersion = 16.0.32106.194
MinimumVisualStudioVersion = 10.0.40219.1
Project("{9A19103F-16F7-4668-BE54-9A1E7A4F7556}") = "ASM.Server", "ASM.Server\ASM.Server.csproj", "{3856C939-4BE7-436D-807D-A8122A9BFA0A}"
EndProject
Project("{9A19103F-16F7-4668-BE54-9A1E7A4F7556}") = "ASM.Shares", "ASM.Shares\ASM.Shares.csproj", "{E4E27250-9499-433F-AAFC-40C183A06135}"
EndProject
Project("{9A19103F-16F7-4668-BE54-9A1E7A4F7556}") = "ASM.API", "ASM.API\ASM.API.csproj", "{55ED341D-C28C-491F-85E9-AF122EAADCDA}"
EndProject
Project("{9A19103F-16F7-4668-BE54-9A1E7A4F7556}") = "ASM.Client", "ASM.Client\ASM.Client.csproj", "{F8D75915-C5FF-407A-ABEC-146D6C920E63}"
EndProject
Global
	GlobalSection(SolutionConfigurationPlatforms) = preSolution
		Debug|Any CPU = Debug|Any CPU
		Release|Any CPU = Release|Any CPU
	EndGlobalSection
	GlobalSection(ProjectConfigurationPlatforms) = postSolution
		{3856C939-4BE7-436D-807D-A8122A9BFA0A}.Debug|Any CPU.ActiveCfg = Debug|Any CPU
		{3856C939-4BE7-436D-807D-A8122A9BFA0A}.Debug|Any CPU.Build.0 = Debug|Any CPU
		{3856C939-4BE7-436D-807D-A8122A9BFA0A}.Release|Any CPU.ActiveCfg = Release|Any CPU
		{3856C939-4BE7-436D-807D-A8122A9BFA0A}.Release|Any CPU.Build.0 = Release|Any CPU
		{E4E27250-9499-433F-AAFC-40C183A06135}.Debug|Any CPU.ActiveCfg = Debug|Any CPU
		{E4E27250-9499-433F-AAFC-40C183A06135}.Debug|Any CPU.Build.0 = Debug|Any CPU
		{E4E27250-9499-433F-AAFC-40C183A06135}.Release|Any CPU.ActiveCfg = Release|Any CPU
		{E4E27250-9499-433F-AAFC-40C183A06135}.Release|Any CPU.Build.0 = Release|Any CPU
		{55ED341D-C28C-491F-85E9-AF122EAADCDA}.Debug|Any CPU.ActiveCfg = Debug|Any CPU
		{55ED341D-C28C-491F-85E9-AF122EAADCDA}.Debug|Any CPU.Build.0 = Debug|Any CPU
		{55ED341D-C28C-491F-85E9-AF122EAADCDA}.Release|Any CPU.ActiveCfg = Release|Any CPU
		{55ED341D-C28C-491F-85E9-AF122EAADCDA}.Release|Any CPU.Build.0 = Release|Any CPU
		{F8D75915-C5FF-407A-ABEC-146D6C920E63}.Debug|Any CPU.ActiveCfg = Debug|Any CPU
		{F8D75915-C5FF-407A-ABEC-146D6C920E63}.Debug|Any CPU.Build.0 = Debug|Any CPU
		{F8D75915-C5FF-407A-ABEC-146D6C920E63}.Release|Any CPU.ActiveCfg = Release|Any CPU
		{F8D75915-C5FF-407A-ABEC-146D6C920E63}.Release|Any CPU.Build.0 = Release|Any CPU
	EndGlobalSection
	GlobalSection(SolutionProperties) = preSolution
		HideSolutionNode = FALSE
	EndGlobalSection
	GlobalSection(ExtensibilityGlobals) = postSolution
		SolutionGuid = {A54D4A8B-0F80-4C86-B204-673A728D94A3}
	EndGlobalSection
EndGlobal
